Microsoft Visual Studio Solution File, Format Version 12.00
# Visual Studio 15
VisualStudioVersion = 15.0.27130.2003
MinimumVisualStudioVersion = 15.0.26124.0
Project("{9A19103F-16F7-4668-BE54-9A1E7A4F7556}") = "JWT", "JWT\JWT.csproj", "{A03A56B5-61BB-4C76-A4ED-058496B60E63}"
EndProject
Global
	GlobalSection(SolutionConfigurationPlatforms) = preSolution
		Debug|Any CPU = Debug|Any CPU
		Debug|x64 = Debug|x64
		Debug|x86 = Debug|x86
		Release|Any CPU = Release|Any CPU
		Release|x64 = Release|x64
		Release|x86 = Release|x86
	EndGlobalSection
	GlobalSection(ProjectConfigurationPlatforms) = postSolution
		{A03A56B5-61BB-4C76-A4ED-058496B60E63}.Debug|Any CPU.ActiveCfg = Debug|Any CPU
		{A03A56B5-61BB-4C76-A4ED-058496B60E63}.Debug|Any CPU.Build.0 = Debug|Any CPU
		{A03A56B5-61BB-4C76-A4ED-058496B60E63}.Debug|x64.ActiveCfg = Debug|Any CPU
		{A03A56B5-61BB-4C76-A4ED-058496B60E63}.Debug|x64.Build.0 = Debug|Any CPU
		{A03A56B5-61BB-4C76-A4ED-058496B60E63}.Debug|x86.ActiveCfg = Debug|Any CPU
		{A03A56B5-61BB-4C76-A4ED-058496B60E63}.Debug|x86.Build.0 = Debug|Any CPU
		{A03A56B5-61BB-4C76-A4ED-058496B60E63}.Release|Any CPU.ActiveCfg = Release|Any CPU
		{A03A56B5-61BB-4C76-A4ED-058496B60E63}.Release|Any CPU.Build.0 = Release|Any CPU
		{A03A56B5-61BB-4C76-A4ED-058496B60E63}.Release|x64.ActiveCfg = Release|Any CPU
		{A03A56B5-61BB-4C76-A4ED-058496B60E63}.Release|x64.Build.0 = Release|Any CPU
		{A03A56B5-61BB-4C76-A4ED-058496B60E63}.Release|x86.ActiveCfg = Release|Any CPU
		{A03A56B5-61BB-4C76-A4ED-058496B60E63}.Release|x86.Build.0 = Release|Any CPU
	EndGlobalSection
	GlobalSection(SolutionProperties) = preSolution
		HideSolutionNode = FALSE
	EndGlobalSection
	GlobalSection(ExtensibilityGlobals) = postSolution
		SolutionGuid = {4990EF43-2540-4629-B49C-2EFC611BA7CD}
	EndGlobalSection
EndGlobal
